# THIS IS AN AUTOGENERATED FILE. DO NOT EDIT THIS FILE DIRECTLY.
# yarn lockfile v1


"@hotwired/stimulus@^3.2.2":
  version "3.2.2"
  resolved "https://registry.yarnpkg.com/@hotwired/stimulus/-/stimulus-3.2.2.tgz#071aab59c600fed95b97939e605ff261a4251608"
  integrity sha512-eGeIqNOQpXoPAIP7tC1+1Yc1yl1xnwYqg+3mzqxyrbE5pg5YFBZcA6YoTiByJB6DKAEsiWtl6tjTJS4IYtbB7A==

debounce@^2.0.0:
  version "2.0.0"
  resolved "https://registry.yarnpkg.com/debounce/-/debounce-2.0.0.tgz#b2f914518a1481466f4edaee0b063e4d473ad549"
  integrity sha512-xRetU6gL1VJbs85Mc4FoEGSjQxzpdxRyFhe3lmWFyy2EzydIcD4xzUvRJMD+NPDfMwKNhxa3PvsIOU32luIWeA==
